
Microsoft Visual Studio Solution File, Format Version 12.00
# Visual Studio Version 16
VisualStudioVersion = 16.0.31729.503
MinimumVisualStudioVersion = 10.0.40219.1
Project("{FAE04EC0-301F-11D3-BF4B-00C04F79EFBC}") = "KEMS_ADMISSION", "KEMS_ADMISSION.csproj", "{6A5196E6-EA61-489C-862E-9A2AF91C9970}"
EndProject
Global
	GlobalSection(SolutionConfigurationPlatforms) = preSolution
		Debug|Any CPU = Debug|Any CPU
		Release|Any CPU = Release|Any CPU
	EndGlobalSection
	GlobalSection(ProjectConfigurationPlatforms) = postSolution
		{6A5196E6-EA61-489C-862E-9A2AF91C9970}.Debug|Any CPU.ActiveCfg = Debug|Any CPU
		{6A5196E6-EA61-489C-862E-9A2AF91C9970}.Debug|Any CPU.Build.0 = Debug|Any CPU
		{6A5196E6-EA61-489C-862E-9A2AF91C9970}.Release|Any CPU.ActiveCfg = Release|Any CPU
		{6A5196E6-EA61-489C-862E-9A2AF91C9970}.Release|Any CPU.Build.0 = Release|Any CPU
	EndGlobalSection
	GlobalSection(SolutionProperties) = preSolution
		HideSolutionNode = FALSE
	EndGlobalSection
	GlobalSection(ExtensibilityGlobals) = postSolution
		SolutionGuid = {BD30189B-321C-405E-B02F-1876167E1040}
	EndGlobalSection
EndGlobal
